// !$*UTF8*$!
{
	archiveVersion = 1;
	classes = {
	};
	objectVersion = 48;
	objects = {

/* Begin PBXBuildFile section */
		33017FE4202E43DB0013A35D /* AppDelegate.swift in Sources */ = {isa = PBXBuildFile; fileRef = 33017FE3202E43DB0013A35D /* AppDelegate.swift */; };
		33017FE6202E43DB0013A35D /* ViewController.swift in Sources */ = {isa = PBXBuildFile; fileRef = 33017FE5202E43DB0013A35D /* ViewController.swift */; };
		33017FE9202E43DB0013A35D /* Main.storyboard in Resources */ = {isa = PBXBuildFile; fileRef = 33017FE7202E43DB0013A35D /* Main.storyboard */; };
		33017FEB202E43DB0013A35D /* Assets.xcassets in Resources */ = {isa = PBXBuildFile; fileRef = 33017FEA202E43DB0013A35D /* Assets.xcassets */; };
		33017FEE202E43DB0013A35D /* LaunchScreen.storyboard in Resources */ = {isa = PBXBuildFile; fileRef = 33017FEC202E43DB0013A35D /* LaunchScreen.storyboard */; };
		33017FF9202E43DB0013A35D /* webviewonlyTests.swift in Sources */ = {isa = PBXBuildFile; fileRef = 33017FF8202E43DB0013A35D /* webviewonlyTests.swift */; };
		33018004202E43DB0013A35D /* webviewonlyUITests.swift in Sources */ = {isa = PBXBuildFile; fileRef = 33018003202E43DB0013A35D /* webviewonlyUITests.swift */; };
/* End PBXBuildFile section */

/* Begin PBXContainerItemProxy section */
		33017FF5202E43DB0013A35D /* PBXContainerItemProxy */ = {
			isa = PBXContainerItemProxy;
			containerPortal = 33017FD8202E43DB0013A35D /* Project object */;
			proxyType = 1;
			remoteGlobalIDString = 33017FDF202E43DB0013A35D;
			remoteInfo = webviewonly;
		};
		33018000202E43DB0013A35D /* PBXContainerItemProxy */ = {
			isa = PBXContainerItemProxy;
			containerPortal = 33017FD8202E43DB0013A35D /* Project object */;
			proxyType = 1;
			remoteGlobalIDString = 33017FDF202E43DB0013A35D;
			remoteInfo = webviewonly;
		};
/* End PBXContainerItemProxy section */

/* Begin PBXFileReference section */
		33017FE0202E43DB0013A35D /* webviewonly.app */ = {isa = PBXFileReference; explicitFileType = wrapper.application; includeInIndex = 0; path = webviewonly.app; sourceTree = BUILT_PRODUCTS_DIR; };
		33017FE3202E43DB0013A35D /* AppDelegate.swift */ = {isa = PBXFileReference; lastKnownFileType = sourcecode.swift; path = AppDelegate.swift; sourceTree = "<group>"; };
		33017FE5202E43DB0013A35D /* ViewController.swift */ = {isa = PBXFileReference; lastKnownFileType = sourcecode.swift; path = ViewController.swift; sourceTree = "<group>"; };
		33017FE8202E43DB0013A35D /* Base */ = {isa = PBXFileReference; lastKnownFileType = file.storyboard; name = Base; path = Base.lproj/Main.storyboard; sourceTree = "<group>"; };
		33017FEA202E43DB0013A35D /* Assets.xcassets */ = {isa = PBXFileReference; lastKnownFileType = folder.assetcatalog; path = Assets.xcassets; sourceTree = "<group>"; };
		33017FED202E43DB0013A35D /* Base */ = {isa = PBXFileReference; lastKnownFileType = file.storyboard; name = Base; path = Base.lproj/LaunchScreen.storyboard; sourceTree = "<group>"; };
		33017FEF202E43DB0013A35D /* Info.plist */ = {isa = PBXFileReference; lastKnownFileType = text.plist.xml; path = Info.plist; sourceTree = "<group>"; };
		33017FF4202E43DB0013A35D /* webviewonlyTests.xctest */ = {isa = PBXFileReference; explicitFileType = wrapper.cfbundle; includeInIndex = 0; path = webviewonlyTests.xctest; sourceTree = BUILT_PRODUCTS_DIR; };
		33017FF8202E43DB0013A35D /* webviewonlyTests.swift */ = {isa = PBXFileReference; lastKnownFileType = sourcecode.swift; path = webviewonlyTests.swift; sourceTree = "<group>"; };
		33017FFA202E43DB0013A35D /* Info.plist */ = {isa = PBXFileReference; lastKnownFileType = text.plist.xml; path = Info.plist; sourceTree = "<group>"; };
		33017FFF202E43DB0013A35D /* webviewonlyUITests.xctest */ = {isa = PBXFileReference; explicitFileType = wrapper.cfbundle; includeInIndex = 0; path = webviewonlyUITests.xctest; sourceTree = BUILT_PRODUCTS_DIR; };
		33018003202E43DB0013A35D /* webviewonlyUITests.swift */ = {isa = PBXFileReference; lastKnownFileType = sourcecode.swift; path = webviewonlyUITests.swift; sourceTree = "<group>"; };
		33018005202E43DB0013A35D /* Info.plist */ = {isa = PBXFileReference; lastKnownFileType = text.plist.xml; path = Info.plist; sourceTree = "<group>"; };
/* End PBXFileReference section */

/* Begin PBXFrameworksBuildPhase section */
		33017FDD202E43DB0013A35D /* Frameworks */ = {
			isa = PBXFrameworksBuildPhase;
			buildActionMask = 2147483647;
			files = (
			);
			runOnlyForDeploymentPostprocessing = 0;
		};
		33017FF1202E43DB0013A35D /* Frameworks */ = {
			isa = PBXFrameworksBuildPhase;
			buildActionMask = 2147483647;
			files = (
			);
			runOnlyForDeploymentPostprocessing = 0;
		};
		33017FFC202E43DB0013A35D /* Frameworks */ = {
			isa = PBXFrameworksBuildPhase;
			buildActionMask = 2147483647;
			files = (
			);
			runOnlyForDeploymentPostprocessing = 0;
		};
/* End PBXFrameworksBuildPhase section */

/* Begin PBXGroup section */
		33017FD7202E43DB0013A35D = {
			isa = PBXGroup;
			children = (
				33017FE2202E43DB0013A35D /* webviewonly */,
				33017FF7202E43DB0013A35D /* webviewonlyTests */,
				33018002202E43DB0013A35D /* webviewonlyUITests */,
				33017FE1202E43DB0013A35D /* Products */,
			);
			sourceTree = "<group>";
		};
		33017FE1202E43DB0013A35D /* Products */ = {
			isa = PBXGroup;
			children = (
				33017FE0202E43DB0013A35D /* webviewonly.app */,
				33017FF4202E43DB0013A35D /* webviewonlyTests.xctest */,
				33017FFF202E43DB0013A35D /* webviewonlyUITests.xctest */,
			);
			name = Products;
			sourceTree = "<group>";
		};
		33017FE2202E43DB0013A35D /* webviewonly */ = {
			isa = PBXGroup;
			children = (
				33017FE3202E43DB0013A35D /* AppDelegate.swift */,
				33017FE5202E43DB0013A35D /* ViewController.swift */,
				33017FE7202E43DB0013A35D /* Main.storyboard */,
				33017FEA202E43DB0013A35D /* Assets.xcassets */,
				33017FEC202E43DB0013A35D /* LaunchScreen.storyboard */,
				33017FEF202E43DB0013A35D /* Info.plist */,
			);
			path = webviewonly;
			sourceTree = "<group>";
		};
		33017FF7202E43DB0013A35D /* webviewonlyTests */ = {
			isa = PBXGroup;
			children = (
				33017FF8202E43DB0013A35D /* webviewonlyTests.swift */,
				33017FFA202E43DB0013A35D /* Info.plist */,
			);
			path = webviewonlyTests;
			sourceTree = "<group>";
		};
		33018002202E43DB0013A35D /* webviewonlyUITests */ = {
			isa = PBXGroup;
			children = (
				33018003202E43DB0013A35D /* webviewonlyUITests.swift */,
				33018005202E43DB0013A35D /* Info.plist */,
			);
			path = webviewonlyUITests;
			sourceTree = "<group>";
		};
/* End PBXGroup section */

/* Begin PBXNativeTarget section */
		33017FDF202E43DB0013A35D /* webviewonly */ = {
			isa = PBXNativeTarget;
			buildConfigurationList = 33018008202E43DB0013A35D /* Build configuration list for PBXNativeTarget "webviewonly" */;
			buildPhases = (
				33017FDC202E43DB0013A35D /* Sources */,
				33017FDD202E43DB0013A35D /* Frameworks */,
				33017FDE202E43DB0013A35D /* Resources */,
			);
			buildRules = (
			);
			dependencies = (
			);
			name = webviewonly;
			productName = webviewonly;
			productReference = 33017FE0202E43DB0013A35D /* webviewonly.app */;
			productType = "com.apple.product-type.application";
		};
		33017FF3202E43DB0013A35D /* webviewonlyTests */ = {
			isa = PBXNativeTarget;
			buildConfigurationList = 3301800B202E43DB0013A35D /* Build configuration list for PBXNativeTarget "webviewonlyTests" */;
			buildPhases = (
				33017FF0202E43DB0013A35D /* Sources */,
				33017FF1202E43DB0013A35D /* Frameworks */,
				33017FF2202E43DB0013A35D /* Resources */,
			);
			buildRules = (
			);
			dependencies = (
				33017FF6202E43DB0013A35D /* PBXTargetDependency */,
			);
			name = webviewonlyTests;
			productName = webviewonlyTests;
			productReference = 33017FF4202E43DB0013A35D /* webviewonlyTests.xctest */;
			productType = "com.apple.product-type.bundle.unit-test";
		};
		33017FFE202E43DB0013A35D /* webviewonlyUITests */ = {
			isa = PBXNativeTarget;
			buildConfigurationList = 3301800E202E43DB0013A35D /* Build configuration list for PBXNativeTarget "webviewonlyUITests" */;
			buildPhases = (
				33017FFB202E43DB0013A35D /* Sources */,
				33017FFC202E43DB0013A35D /* Frameworks */,
				33017FFD202E43DB0013A35D /* Resources */,
			);
			buildRules = (
			);
			dependencies = (
				33018001202E43DB0013A35D /* PBXTargetDependency */,
			);
			name = webviewonlyUITests;
			productName = webviewonlyUITests;
			productReference = 33017FFF202E43DB0013A35D /* webviewonlyUITests.xctest */;
			productType = "com.apple.product-type.bundle.ui-testing";
		};
/* End PBXNativeTarget section */

/* Begin PBXProject section */
		33017FD8202E43DB0013A35D /* Project object */ = {
			isa = PBXProject;
			attributes = {
				LastSwiftUpdateCheck = 0920;
				LastUpgradeCheck = 0920;
				ORGANIZATIONNAME = "Michael Worthington";
				TargetAttributes = {
					33017FDF202E43DB0013A35D = {
						CreatedOnToolsVersion = 9.2;
						ProvisioningStyle = Automatic;
					};
					33017FF3202E43DB0013A35D = {
						CreatedOnToolsVersion = 9.2;
						ProvisioningStyle = Automatic;
						TestTargetID = 33017FDF202E43DB0013A35D;
					};
					33017FFE202E43DB0013A35D = {
						CreatedOnToolsVersion = 9.2;
						ProvisioningStyle = Automatic;
						TestTargetID = 33017FDF202E43DB0013A35D;
					};
				};
			};
			buildConfigurationList = 33017FDB202E43DB0013A35D /* Build configuration list for PBXProject "webviewonly" */;
			compatibilityVersion = "Xcode 8.0";
			developmentRegion = en;
			hasScannedForEncodings = 0;
			knownRegions = (
				en,
				Base,
			);
			mainGroup = 33017FD7202E43DB0013A35D;
			productRefGroup = 33017FE1202E43DB0013A35D /* Products */;
			projectDirPath = "";
			projectRoot = "";
			targets = (
				33017FDF202E43DB0013A35D /* webviewonly */,
				33017FF3202E43DB0013A35D /* webviewonlyTests */,
				33017FFE202E43DB0013A35D /* webviewonlyUITests */,
			);
		};
/* End PBXProject section */

/* Begin PBXResourcesBuildPhase section */
		33017FDE202E43DB0013A35D /* Resources */ = {
			isa = PBXResourcesBuildPhase;
			buildActionMask = 2147483647;
			files = (
				33017FEE202E43DB0013A35D /* LaunchScreen.storyboard in Resources */,
				33017FEB202E43DB0013A35D /* Assets.xcassets in Resources */,
				33017FE9202E43DB0013A35D /* Main.storyboard in Resources */,
			);
			runOnlyForDeploymentPostprocessing = 0;
		};
		33017FF2202E43DB0013A35D /* Resources */ = {
			isa = PBXResourcesBuildPhase;
			buildActionMask = 2147483647;
			files = (
			);
			runOnlyForDeploymentPostprocessing = 0;
		};
		33017FFD202E43DB0013A35D /* Resources */ = {
			isa = PBXResourcesBuildPhase;
			buildActionMask = 2147483647;
			files = (
			);
			runOnlyForDeploymentPostprocessing = 0;
		};
/* End PBXResourcesBuildPhase section */

/* Begin PBXSourcesBuildPhase section */
		33017FDC202E43DB0013A35D /* Sources */ = {
			isa = PBXSourcesBuildPhase;
			buildActionMask = 2147483647;
			files = (
				33017FE6202E43DB0013A35D /* ViewController.swift in Sources */,
				33017FE4202E43DB0013A35D /* AppDelegate.swift in Sources */,
			);
			runOnlyForDeploymentPostprocessing = 0;
		};
		33017FF0202E43DB0013A35D /* Sources */ = {
			isa = PBXSourcesBuildPhase;
			buildActionMask = 2147483647;
			files = (
				33017FF9202E43DB0013A35D /* webviewonlyTests.swift in Sources */,
			);
			runOnlyForDeploymentPostprocessing = 0;
		};
		33017FFB202E43DB0013A35D /* Sources */ = {
			isa = PBXSourcesBuildPhase;
			buildActionMask = 2147483647;
			files = (
				33018004202E43DB0013A35D /* webviewonlyUITests.swift in Sources */,
			);
			runOnlyForDeploymentPostprocessing = 0;
		};
/* End PBXSourcesBuildPhase section */

/* Begin PBXTargetDependency section */
		33017FF6202E43DB0013A35D /* PBXTargetDependency */ = {
			isa = PBXTargetDependency;
			target = 33017FDF202E43DB0013A35D /* webviewonly */;
			targetProxy = 33017FF5202E43DB0013A35D /* PBXContainerItemProxy */;
		};
		33018001202E43DB0013A35D /* PBXTargetDependency */ = {
			isa = PBXTargetDependency;
			target = 33017FDF202E43DB0013A35D /* webviewonly */;
			targetProxy = 33018000202E43DB0013A35D /* PBXContainerItemProxy */;
		};
/* End PBXTargetDependency section */

/* Begin PBXVariantGroup section */
		33017FE7202E43DB0013A35D /* Main.storyboard */ = {
			isa = PBXVariantGroup;
			children = (
				33017FE8202E43DB0013A35D /* Base */,
			);
			name = Main.storyboard;
			sourceTree = "<group>";
		};
		33017FEC202E43DB0013A35D /* LaunchScreen.storyboard */ = {
			isa = PBXVariantGroup;
			children = (
				33017FED202E43DB0013A35D /* Base */,
			);
			name = LaunchScreen.storyboard;
			sourceTree = "<group>";
		};
/* End PBXVariantGroup section */

/* Begin XCBuildConfiguration section */
		33018006202E43DB0013A35D /* Debug */ = {
			isa = XCBuildConfiguration;
			buildSettings = {
				ALWAYS_SEARCH_USER_PATHS = NO;
				CLANG_ANALYZER_NONNULL = YES;
				CLANG_ANALYZER_NUMBER_OBJECT_CONVERSION = YES_AGGRESSIVE;
				CLANG_CXX_LANGUAGE_STANDARD = "gnu++14";
				CLANG_CXX_LIBRARY = "libc++";
				CLANG_ENABLE_MODULES = YES;
				CLANG_ENABLE_OBJC_ARC = YES;
				CLANG_WARN_BLOCK_CAPTURE_AUTORELEASING = YES;
				CLANG_WARN_BOOL_CONVERSION = YES;
				CLANG_WARN_COMMA = YES;
				CLANG_WARN_CONSTANT_CONVERSION = YES;
				CLANG_WARN_DIRECT_OBJC_ISA_USAGE = YES_ERROR;
				CLANG_WARN_DOCUMENTATION_COMMENTS = YES;
				CLANG_WARN_EMPTY_BODY = YES;
				CLANG_WARN_ENUM_CONVERSION = YES;
				CLANG_WARN_INFINITE_RECURSION = YES;
				CLANG_WARN_INT_CONVERSION = YES;
				CLANG_WARN_NON_LITERAL_NULL_CONVERSION = YES;
				CLANG_WARN_OBJC_LITERAL_CONVERSION = YES;
				CLANG_WARN_OBJC_ROOT_CLASS = YES_ERROR;
				CLANG_WARN_RANGE_LOOP_ANALYSIS = YES;
				CLANG_WARN_STRICT_PROTOTYPES = YES;
				CLANG_WARN_SUSPICIOUS_MOVE = YES;
				CLANG_WARN_UNGUARDED_AVAILABILITY = YES_AGGRESSIVE;
				CLANG_WARN_UNREACHABLE_CODE = YES;
				CLANG_WARN__DUPLICATE_METHOD_MATCH = YES;
				CODE_SIGN_IDENTITY = "iPhone Developer";
				COPY_PHASE_STRIP = NO;
				DEBUG_INFORMATION_FORMAT = dwarf;
				ENABLE_STRICT_OBJC_MSGSEND = YES;
				ENABLE_TESTABILITY = YES;
				GCC_C_LANGUAGE_STANDARD = gnu11;
				GCC_DYNAMIC_NO_PIC = NO;
				GCC_NO_COMMON_BLOCKS = YES;
				GCC_OPTIMIZATION_LEVEL = 0;
				GCC_PREPROCESSOR_DEFINITIONS = (
					"DEBUG=1",
					"$(inherited)",
				);
				GCC_WARN_64_TO_32_BIT_CONVERSION = YES;
				GCC_WARN_ABOUT_RETURN_TYPE = YES_ERROR;
				GCC_WARN_UNDECLARED_SELECTOR = YES;
				GCC_WARN_UNINITIALIZED_AUTOS = YES_AGGRESSIVE;
				GCC_WARN_UNUSED_FUNCTION = YES;
				GCC_WARN_UNUSED_VARIABLE = YES;
				IPHONEOS_DEPLOYMENT_TARGET = 11.2;
				MTL_ENABLE_DEBUG_INFO = YES;
				ONLY_ACTIVE_ARCH = YES;
				SDKROOT = iphoneos;
				SWIFT_ACTIVE_COMPILATION_CONDITIONS = DEBUG;
				SWIFT_OPTIMIZATION_LEVEL = "-Onone";
			};
			name = Debug;
		};
		33018007202E43DB0013A35D /* Release */ = {
			isa = XCBuildConfiguration;
			buildSettings = {
				ALWAYS_SEARCH_USER_PATHS = NO;
				CLANG_ANALYZER_NONNULL = YES;
				CLANG_ANALYZER_NUMBER_OBJECT_CONVERSION = YES_AGGRESSIVE;
				CLANG_CXX_LANGUAGE_STANDARD = "gnu++14";
				CLANG_CXX_LIBRARY = "libc++";
				CLANG_ENABLE_MODULES = YES;
				CLANG_ENABLE_OBJC_ARC = YES;
				CLANG_WARN_BLOCK_CAPTURE_AUTORELEASING = YES;
				CLANG_WARN_BOOL_CONVERSION = YES;
				CLANG_WARN_COMMA = YES;
				CLANG_WARN_CONSTANT_CONVERSION = YES;
				CLANG_WARN_DIRECT_OBJC_ISA_USAGE = YES_ERROR;
				CLANG_WARN_DOCUMENTATION_COMMENTS = YES;
				CLANG_WARN_EMPTY_BODY = YES;
				CLANG_WARN_ENUM_CONVERSION = YES;
				CLANG_WARN_INFINITE_RECURSION = YES;
				CLANG_WARN_INT_CONVERSION = YES;
				CLANG_WARN_NON_LITERAL_NULL_CONVERSION = YES;
				CLANG_WARN_OBJC_LITERAL_CONVERSION = YES;
				CLANG_WARN_OBJC_ROOT_CLASS = YES_ERROR;
				CLANG_WARN_RANGE_LOOP_ANALYSIS = YES;
				CLANG_WARN_STRICT_PROTOTYPES = YES;
				CLANG_WARN_SUSPICIOUS_MOVE = YES;
				CLANG_WARN_UNGUARDED_AVAILABILITY = YES_AGGRESSIVE;
				CLANG_WARN_UNREACHABLE_CODE = YES;
				CLANG_WARN__DUPLICATE_METHOD_MATCH = YES;
				CODE_SIGN_IDENTITY = "iPhone Developer";
				COPY_PHASE_STRIP = NO;
				DEBUG_INFORMATION_FORMAT = "dwarf-with-dsym";
				ENABLE_NS_ASSERTIONS = NO;
				ENABLE_STRICT_OBJC_MSGSEND = YES;
				GCC_C_LANGUAGE_STANDARD = gnu11;
				GCC_NO_COMMON_BLOCKS = YES;
				GCC_WARN_64_TO_32_BIT_CONVERSION = YES;
				GCC_WARN_ABOUT_RETURN_TYPE = YES_ERROR;
				GCC_WARN_UNDECLARED_SELECTOR = YES;
				GCC_WARN_UNINITIALIZED_AUTOS = YES_AGGRESSIVE;
				GCC_WARN_UNUSED_FUNCTION = YES;
				GCC_WARN_UNUSED_VARIABLE = YES;
				IPHONEOS_DEPLOYMENT_TARGET = 11.2;
				MTL_ENABLE_DEBUG_INFO = NO;
				SDKROOT = iphoneos;
				SWIFT_OPTIMIZATION_LEVEL = "-Owholemodule";
				VALIDATE_PRODUCT = YES;
			};
			name = Release;
		};
		33018009202E43DB0013A35D /* Debug */ = {
			isa = XCBuildConfiguration;
			buildSettings = {
				ASSETCATALOG_COMPILER_APPICON_NAME = AppIcon;
				CODE_SIGN_STYLE = Automatic;
				INFOPLIST_FILE = webviewonly/Info.plist;
				LD_RUNPATH_SEARCH_PATHS = "$(inherited) @executable_path/Frameworks";
				PRODUCT_BUNDLE_IDENTIFIER = GWC.webviewonly;
				PRODUCT_NAME = "$(TARGET_NAME)";
				SWIFT_VERSION = 4.0;
				TARGETED_DEVICE_FAMILY = "1,2";
			};
			name = Debug;
		};
		3301800A202E43DB0013A35D /* Release */ = {
			isa = XCBuildConfiguration;
			buildSettings = {
				ASSETCATALOG_COMPILER_APPICON_NAME = AppIcon;
				CODE_SIGN_STYLE = Automatic;
				INFOPLIST_FILE = webviewonly/Info.plist;
				LD_RUNPATH_SEARCH_PATHS = "$(inherited) @executable_path/Frameworks";
				PRODUCT_BUNDLE_IDENTIFIER = GWC.webviewonly;
				PRODUCT_NAME = "$(TARGET_NAME)";
				SWIFT_VERSION = 4.0;
				TARGETED_DEVICE_FAMILY = "1,2";
			};
			name = Release;
		};
		3301800C202E43DB0013A35D /* Debug */ = {
			isa = XCBuildConfiguration;
			buildSettings = {
				ALWAYS_EMBED_SWIFT_STANDARD_LIBRARIES = YES;
				BUNDLE_LOADER = "$(TEST_HOST)";
				CODE_SIGN_STYLE = Automatic;
				INFOPLIST_FILE = webviewonlyTests/Info.plist;
				LD_RUNPATH_SEARCH_PATHS = "$(inherited) @executable_path/Frameworks @loader_path/Frameworks";
				PRODUCT_BUNDLE_IDENTIFIER = GWC.webviewonlyTests;
				PRODUCT_NAME = "$(TARGET_NAME)";
				SWIFT_VERSION = 4.0;
				TARGETED_DEVICE_FAMILY = "1,2";
				TEST_HOST = "$(BUILT_PRODUCTS_DIR)/webviewonly.app/webviewonly";
			};
			name = Debug;
		};
		3301800D202E43DB0013A35D /* Release */ = {
			isa = XCBuildConfiguration;
			buildSettings = {
				ALWAYS_EMBED_SWIFT_STANDARD_LIBRARIES = YES;
				BUNDLE_LOADER = "$(TEST_HOST)";
				CODE_SIGN_STYLE = Automatic;
				INFOPLIST_FILE = webviewonlyTests/Info.plist;
				LD_RUNPATH_SEARCH_PATHS = "$(inherited) @executable_path/Frameworks @loader_path/Frameworks";
				PRODUCT_BUNDLE_IDENTIFIER = GWC.webviewonlyTests;
				PRODUCT_NAME = "$(TARGET_NAME)";
				SWIFT_VERSION = 4.0;
				TARGETED_DEVICE_FAMILY = "1,2";
				TEST_HOST = "$(BUILT_PRODUCTS_DIR)/webviewonly.app/webviewonly";
			};
			name = Release;
		};
		3301800F202E43DB0013A35D /* Debug */ = {
			isa = XCBuildConfiguration;
			buildSettings = {
				ALWAYS_EMBED_SWIFT_STANDARD_LIBRARIES = YES;
				CODE_SIGN_STYLE = Automatic;
				INFOPLIST_FILE = webviewonlyUITests/Info.plist;
				LD_RUNPATH_SEARCH_PATHS = "$(inherited) @executable_path/Frameworks @loader_path/Frameworks";
				PRODUCT_BUNDLE_IDENTIFIER = GWC.webviewonlyUITests;
				PRODUCT_NAME = "$(TARGET_NAME)";
				SWIFT_VERSION = 4.0;
				TARGETED_DEVICE_FAMILY = "1,2";
				TEST_TARGET_NAME = webviewonly;
			};
			name = Debug;
		};
		33018010202E43DB0013A35D /* Release */ = {
			isa = XCBuildConfiguration;
			buildSettings = {
				ALWAYS_EMBED_SWIFT_STANDARD_LIBRARIES = YES;
				CODE_SIGN_STYLE = Automatic;
				INFOPLIST_FILE = webviewonlyUITests/Info.plist;
				LD_RUNPATH_SEARCH_PATHS = "$(inherited) @executable_path/Frameworks @loader_path/Frameworks";
				PRODUCT_BUNDLE_IDENTIFIER = GWC.webviewonlyUITests;
				PRODUCT_NAME = "$(TARGET_NAME)";
				SWIFT_VERSION = 4.0;
				TARGETED_DEVICE_FAMILY = "1,2";
				TEST_TARGET_NAME = webviewonly;
			};
			name = Release;
		};
/* End XCBuildConfiguration section */

/* Begin XCConfigurationList section */
		33017FDB202E43DB0013A35D /* Build configuration list for PBXProject "webviewonly" */ = {
			isa = XCConfigurationList;
			buildConfigurations = (
				33018006202E43DB0013A35D /* Debug */,
				33018007202E43DB0013A35D /* Release */,
			);
			defaultConfigurationIsVisible = 0;
			defaultConfigurationName = Release;
		};
		33018008202E43DB0013A35D /* Build configuration list for PBXNativeTarget "webviewonly" */ = {
			isa = XCConfigurationList;
			buildConfigurations = (
				33018009202E43DB0013A35D /* Debug */,
				3301800A202E43DB0013A35D /* Release */,
			);
			defaultConfigurationIsVisible = 0;
			defaultConfigurationName = Release;
		};
		3301800B202E43DB0013A35D /* Build configuration list for PBXNativeTarget "webviewonlyTests" */ = {
			isa = XCConfigurationList;
			buildConfigurations = (
				3301800C202E43DB0013A35D /* Debug */,
				3301800D202E43DB0013A35D /* Release */,
			);
			defaultConfigurationIsVisible = 0;
			defaultConfigurationName = Release;
		};
		3301800E202E43DB0013A35D /* Build configuration list for PBXNativeTarget "webviewonlyUITests" */ = {
			isa = XCConfigurationList;
			buildConfigurations = (
				3301800F202E43DB0013A35D /* Debug */,
				33018010202E43DB0013A35D /* Release */,
			);
			defaultConfigurationIsVisible = 0;
			defaultConfigurationName = Release;
		};
/* End XCConfigurationList section */
	};
	rootObject = 33017FD8202E43DB0013A35D /* Project object */;
}
